{
  "nodes": {
    "flakeNimbleLib": {
      "inputs": {
        "nixpkgs": [
          "nixpkgs"
        ]
      },
      "locked": {
        "lastModified": 1662018438,
        "narHash": "sha256-QtNtU6+LX3Wokxf0zlFwKTFOcn6TeDjKQZ+DA9OYtvM=",
        "owner": "riinr",
        "repo": "nim-flakes-lib",
        "rev": "b1fe8340736e3a85d25c709ac3dfd82a55c03cbf",
        "type": "github"
      },
      "original": {
        "owner": "riinr",
        "ref": "master",
        "repo": "nim-flakes-lib",
        "type": "github"
      }
    },
    "nixpkgs": {
      "locked": {
        "lastModified": 1667110639,
        "narHash": "sha256-4FbPESZ5LbqQxkJJJBAfk/zKgF9h/4kyUwjjpJwYlbc=",
        "owner": "NixOS",
        "repo": "nixpkgs",
        "rev": "f38a1f04d1bec1feb61fd101a0539ae2002a7087",
        "type": "github"
      },
      "original": {
        "id": "nixpkgs",
        "type": "indirect"
      }
    },
    "pcgbasic-master": {
      "inputs": {
        "flakeNimbleLib": [
          "flakeNimbleLib"
        ],
        "nixpkgs": [
          "nixpkgs"
        ],
        "src-pcgbasic-master": "src-pcgbasic-master"
      },
      "locked": {
        "dir": "master",
        "lastModified": 1662254739,
        "narHash": "sha256-mBfzEDvAlQc11kTtITpcZswj91ezaOq7Myc6/EC5/Ro=",
        "owner": "nim-nix-pkgs",
        "repo": "pcgbasic",
        "rev": "6827aa76a853d3d5e4f0260788de819545ba791f",
        "type": "github"
      },
      "original": {
        "dir": "master",
        "owner": "nim-nix-pkgs",
        "ref": "master",
        "repo": "pcgbasic",
        "type": "github"
      }
    },
    "root": {
      "inputs": {
        "flakeNimbleLib": "flakeNimbleLib",
        "nixpkgs": "nixpkgs",
        "pcgbasic-master": "pcgbasic-master"
      }
    },
    "src-pcgbasic-master": {
      "flake": false,
      "locked": {
        "lastModified": 1580782848,
        "narHash": "sha256-+9f8Z4x5HAMI2m1PDQSJUX/yuuM5Ufo/Ko/1zTrZtVs=",
        "owner": "rockcavera",
        "repo": "pcgbasic",
        "rev": "0414392204ae6c2c9d43b829eca8639383433c7e",
        "type": "github"
      },
      "original": {
        "owner": "rockcavera",
        "ref": "refs/heads/master",
        "repo": "pcgbasic",
        "type": "github"
      }
    }
  },
  "root": "root",
  "version": 7
}
